{
  "version": "1",
  "images": {
    "golang": "docker.io/library/golang:1.26.5@sha256:1111111111111111111111111111111111111111111111111111111111111111",
    "node": "docker.io/library/node:24.18.0-alpine@sha256:2222222222222222222222222222222222222222222222222222222222222222",
    "postgres": "docker.io/library/postgres:16-alpine@sha256:3333333333333333333333333333333333333333333333333333333333333333",
    "redis": "docker.io/library/redis:7-alpine@sha256:4444444444444444444444444444444444444444444444444444444444444444",
    "traefik": "docker.io/library/traefik:v3.0@sha256:5555555555555555555555555555555555555555555555555555555555555555"
  }
}
